// !$*UTF8*$!
{
	archiveVersion = 1;
	classes = {
	};
	objectVersion = 46;
	objects = {

/* Begin PBXBuildFile section */
		BF59DC5F1D65B1FB0035F80B /* main.m in Sources */ = {isa = PBXBuildFile; fileRef = BF59DC5E1D65B1FB0035F80B /* main.m */; };
		BF59DC621D65B1FB0035F80B /* AppDelegate.m in Sources */ = {isa = PBXBuildFile; fileRef = BF59DC611D65B1FB0035F80B /* AppDelegate.m */; };
		BF59DC651D65B1FB0035F80B /* ViewController.m in Sources */ = {isa = PBXBuildFile; fileRef = BF59DC641D65B1FB0035F80B /* ViewController.m */; };
		BF59DC681D65B1FB0035F80B /* Main.storyboard in Resources */ = {isa = PBXBuildFile; fileRef = BF59DC661D65B1FB0035F80B /* Main.storyboard */; };
		BF59DC6A1D65B1FB0035F80B /* Assets.xcassets in Resources */ = {isa = PBXBuildFile; fileRef = BF59DC691D65B1FB0035F80B /* Assets.xcassets */; };
		BF59DC6D1D65B1FB0035F80B /* LaunchScreen.storyboard in Resources */ = {isa = PBXBuildFile; fileRef = BF59DC6B1D65B1FB0035F80B /* LaunchScreen.storyboard */; };
		BF59DC7C1D65B4E60035F80B /* main.m in Sources */ = {isa = PBXBuildFile; fileRef = BF59DC7B1D65B4E60035F80B /* main.m */; };
		BF59DC7F1D65B4E60035F80B /* AppDelegate.m in Sources */ = {isa = PBXBuildFile; fileRef = BF59DC7E1D65B4E60035F80B /* AppDelegate.m */; };
		BF59DC821D65B4E60035F80B /* ViewController.m in Sources */ = {isa = PBXBuildFile; fileRef = BF59DC811D65B4E60035F80B /* ViewController.m */; };
		BF59DC851D65B4E70035F80B /* Main.storyboard in Resources */ = {isa = PBXBuildFile; fileRef = BF59DC831D65B4E70035F80B /* Main.storyboard */; };
		BF59DC871D65B4E70035F80B /* Assets.xcassets in Resources */ = {isa = PBXBuildFile; fileRef = BF59DC861D65B4E70035F80B /* Assets.xcassets */; };
		BF59DC8A1D65B4E70035F80B /* LaunchScreen.storyboard in Resources */ = {isa = PBXBuildFile; fileRef = BF59DC881D65B4E70035F80B /* LaunchScreen.storyboard */; };
/* End PBXBuildFile section */

/* Begin PBXFileReference section */
		BF59DC5A1D65B1FB0035F80B /* Objective-C_Runtime.app */ = {isa = PBXFileReference; explicitFileType = wrapper.application; includeInIndex = 0; path = "Objective-C_Runtime.app"; sourceTree = BUILT_PRODUCTS_DIR; };
		BF59DC5E1D65B1FB0035F80B /* main.m */ = {isa = PBXFileReference; lastKnownFileType = sourcecode.c.objc; path = main.m; sourceTree = "<group>"; };
		BF59DC601D65B1FB0035F80B /* AppDelegate.h */ = {isa = PBXFileReference; lastKnownFileType = sourcecode.c.h; path = AppDelegate.h; sourceTree = "<group>"; };
		BF59DC611D65B1FB0035F80B /* AppDelegate.m */ = {isa = PBXFileReference; lastKnownFileType = sourcecode.c.objc; path = AppDelegate.m; sourceTree = "<group>"; };
		BF59DC631D65B1FB0035F80B /* ViewController.h */ = {isa = PBXFileReference; lastKnownFileType = sourcecode.c.h; path = ViewController.h; sourceTree = "<group>"; };
		BF59DC641D65B1FB0035F80B /* ViewController.m */ = {isa = PBXFileReference; lastKnownFileType = sourcecode.c.objc; path = ViewController.m; sourceTree = "<group>"; };
		BF59DC671D65B1FB0035F80B /* Base */ = {isa = PBXFileReference; lastKnownFileType = file.storyboard; name = Base; path = Base.lproj/Main.storyboard; sourceTree = "<group>"; };
		BF59DC691D65B1FB0035F80B /* Assets.xcassets */ = {isa = PBXFileReference; lastKnownFileType = folder.assetcatalog; path = Assets.xcassets; sourceTree = "<group>"; };
		BF59DC6C1D65B1FB0035F80B /* Base */ = {isa = PBXFileReference; lastKnownFileType = file.storyboard; name = Base; path = Base.lproj/LaunchScreen.storyboard; sourceTree = "<group>"; };
		BF59DC6E1D65B1FB0035F80B /* Info.plist */ = {isa = PBXFileReference; lastKnownFileType = text.plist.xml; path = Info.plist; sourceTree = "<group>"; };
		BF59DC781D65B4E60035F80B /* 01-Runtime(消息机制).app */ = {isa = PBXFileReference; explicitFileType = wrapper.application; includeInIndex = 0; path = "01-Runtime(消息机制).app"; sourceTree = BUILT_PRODUCTS_DIR; };
		BF59DC7B1D65B4E60035F80B /* main.m */ = {isa = PBXFileReference; lastKnownFileType = sourcecode.c.objc; path = main.m; sourceTree = "<group>"; };
		BF59DC7D1D65B4E60035F80B /* AppDelegate.h */ = {isa = PBXFileReference; lastKnownFileType = sourcecode.c.h; path = AppDelegate.h; sourceTree = "<group>"; };
		BF59DC7E1D65B4E60035F80B /* AppDelegate.m */ = {isa = PBXFileReference; lastKnownFileType = sourcecode.c.objc; path = AppDelegate.m; sourceTree = "<group>"; };
		BF59DC801D65B4E60035F80B /* ViewController.h */ = {isa = PBXFileReference; lastKnownFileType = sourcecode.c.h; path = ViewController.h; sourceTree = "<group>"; };
		BF59DC811D65B4E60035F80B /* ViewController.m */ = {isa = PBXFileReference; lastKnownFileType = sourcecode.c.objc; path = ViewController.m; sourceTree = "<group>"; };
		BF59DC841D65B4E70035F80B /* Base */ = {isa = PBXFileReference; lastKnownFileType = file.storyboard; name = Base; path = Base.lproj/Main.storyboard; sourceTree = "<group>"; };
		BF59DC861D65B4E70035F80B /* Assets.xcassets */ = {isa = PBXFileReference; lastKnownFileType = folder.assetcatalog; path = Assets.xcassets; sourceTree = "<group>"; };
		BF59DC891D65B4E70035F80B /* Base */ = {isa = PBXFileReference; lastKnownFileType = file.storyboard; name = Base; path = Base.lproj/LaunchScreen.storyboard; sourceTree = "<group>"; };
		BF59DC8B1D65B4E70035F80B /* Info.plist */ = {isa = PBXFileReference; lastKnownFileType = text.plist.xml; path = Info.plist; sourceTree = "<group>"; };
/* End PBXFileReference section */

/* Begin PBXFrameworksBuildPhase section */
		BF59DC571D65B1FB0035F80B /* Frameworks */ = {
			isa = PBXFrameworksBuildPhase;
			buildActionMask = 2147483647;
			files = (
			);
			runOnlyForDeploymentPostprocessing = 0;
		};
		BF59DC751D65B4E60035F80B /* Frameworks */ = {
			isa = PBXFrameworksBuildPhase;
			buildActionMask = 2147483647;
			files = (
			);
			runOnlyForDeploymentPostprocessing = 0;
		};
/* End PBXFrameworksBuildPhase section */

/* Begin PBXGroup section */
		BF59DC511D65B1FB0035F80B = {
			isa = PBXGroup;
			children = (
				BF59DC5C1D65B1FB0035F80B /* Objective-C_Runtime */,
				BF59DC791D65B4E60035F80B /* 01-Runtime(消息机制) */,
				BF59DC5B1D65B1FB0035F80B /* Products */,
			);
			sourceTree = "<group>";
		};
		BF59DC5B1D65B1FB0035F80B /* Products */ = {
			isa = PBXGroup;
			children = (
				BF59DC5A1D65B1FB0035F80B /* Objective-C_Runtime.app */,
				BF59DC781D65B4E60035F80B /* 01-Runtime(消息机制).app */,
			);
			name = Products;
			sourceTree = "<group>";
		};
		BF59DC5C1D65B1FB0035F80B /* Objective-C_Runtime */ = {
			isa = PBXGroup;
			children = (
				BF59DC601D65B1FB0035F80B /* AppDelegate.h */,
				BF59DC611D65B1FB0035F80B /* AppDelegate.m */,
				BF59DC631D65B1FB0035F80B /* ViewController.h */,
				BF59DC641D65B1FB0035F80B /* ViewController.m */,
				BF59DC661D65B1FB0035F80B /* Main.storyboard */,
				BF59DC691D65B1FB0035F80B /* Assets.xcassets */,
				BF59DC6B1D65B1FB0035F80B /* LaunchScreen.storyboard */,
				BF59DC6E1D65B1FB0035F80B /* Info.plist */,
				BF59DC5D1D65B1FB0035F80B /* Supporting Files */,
			);
			path = "Objective-C_Runtime";
			sourceTree = "<group>";
		};
		BF59DC5D1D65B1FB0035F80B /* Supporting Files */ = {
			isa = PBXGroup;
			children = (
				BF59DC5E1D65B1FB0035F80B /* main.m */,
			);
			name = "Supporting Files";
			sourceTree = "<group>";
		};
		BF59DC791D65B4E60035F80B /* 01-Runtime(消息机制) */ = {
			isa = PBXGroup;
			children = (
				BF59DC7D1D65B4E60035F80B /* AppDelegate.h */,
				BF59DC7E1D65B4E60035F80B /* AppDelegate.m */,
				BF59DC801D65B4E60035F80B /* ViewController.h */,
				BF59DC811D65B4E60035F80B /* ViewController.m */,
				BF59DC831D65B4E70035F80B /* Main.storyboard */,
				BF59DC861D65B4E70035F80B /* Assets.xcassets */,
				BF59DC881D65B4E70035F80B /* LaunchScreen.storyboard */,
				BF59DC8B1D65B4E70035F80B /* Info.plist */,
				BF59DC7A1D65B4E60035F80B /* Supporting Files */,
			);
			path = "01-Runtime(消息机制)";
			sourceTree = "<group>";
		};
		BF59DC7A1D65B4E60035F80B /* Supporting Files */ = {
			isa = PBXGroup;
			children = (
				BF59DC7B1D65B4E60035F80B /* main.m */,
			);
			name = "Supporting Files";
			sourceTree = "<group>";
		};
/* End PBXGroup section */

/* Begin PBXNativeTarget section */
		BF59DC591D65B1FB0035F80B /* Objective-C_Runtime */ = {
			isa = PBXNativeTarget;
			buildConfigurationList = BF59DC711D65B1FB0035F80B /* Build configuration list for PBXNativeTarget "Objective-C_Runtime" */;
			buildPhases = (
				BF59DC561D65B1FB0035F80B /* Sources */,
				BF59DC571D65B1FB0035F80B /* Frameworks */,
				BF59DC581D65B1FB0035F80B /* Resources */,
			);
			buildRules = (
			);
			dependencies = (
			);
			name = "Objective-C_Runtime";
			productName = "Objective-C_Runtime";
			productReference = BF59DC5A1D65B1FB0035F80B /* Objective-C_Runtime.app */;
			productType = "com.apple.product-type.application";
		};
		BF59DC771D65B4E60035F80B /* 01-Runtime(消息机制) */ = {
			isa = PBXNativeTarget;
			buildConfigurationList = BF59DC8E1D65B4E70035F80B /* Build configuration list for PBXNativeTarget "01-Runtime(消息机制)" */;
			buildPhases = (
				BF59DC741D65B4E60035F80B /* Sources */,
				BF59DC751D65B4E60035F80B /* Frameworks */,
				BF59DC761D65B4E60035F80B /* Resources */,
			);
			buildRules = (
			);
			dependencies = (
			);
			name = "01-Runtime(消息机制)";
			productName = "01-Runtime(消息机制)";
			productReference = BF59DC781D65B4E60035F80B /* 01-Runtime(消息机制).app */;
			productType = "com.apple.product-type.application";
		};
/* End PBXNativeTarget section */

/* Begin PBXProject section */
		BF59DC521D65B1FB0035F80B /* Project object */ = {
			isa = PBXProject;
			attributes = {
				LastUpgradeCheck = 0720;
				ORGANIZATIONNAME = Yuen;
				TargetAttributes = {
					BF59DC591D65B1FB0035F80B = {
						CreatedOnToolsVersion = 7.2.1;
					};
					BF59DC771D65B4E60035F80B = {
						CreatedOnToolsVersion = 7.2.1;
					};
				};
			};
			buildConfigurationList = BF59DC551D65B1FB0035F80B /* Build configuration list for PBXProject "Objective-C_Runtime" */;
			compatibilityVersion = "Xcode 3.2";
			developmentRegion = English;
			hasScannedForEncodings = 0;
			knownRegions = (
				en,
				Base,
			);
			mainGroup = BF59DC511D65B1FB0035F80B;
			productRefGroup = BF59DC5B1D65B1FB0035F80B /* Products */;
			projectDirPath = "";
			projectRoot = "";
			targets = (
				BF59DC591D65B1FB0035F80B /* Objective-C_Runtime */,
				BF59DC771D65B4E60035F80B /* 01-Runtime(消息机制) */,
			);
		};
/* End PBXProject section */

/* Begin PBXResourcesBuildPhase section */
		BF59DC581D65B1FB0035F80B /* Resources */ = {
			isa = PBXResourcesBuildPhase;
			buildActionMask = 2147483647;
			files = (
				BF59DC6D1D65B1FB0035F80B /* LaunchScreen.storyboard in Resources */,
				BF59DC6A1D65B1FB0035F80B /* Assets.xcassets in Resources */,
				BF59DC681D65B1FB0035F80B /* Main.storyboard in Resources */,
			);
			runOnlyForDeploymentPostprocessing = 0;
		};
		BF59DC761D65B4E60035F80B /* Resources */ = {
			isa = PBXResourcesBuildPhase;
			buildActionMask = 2147483647;
			files = (
				BF59DC8A1D65B4E70035F80B /* LaunchScreen.storyboard in Resources */,
				BF59DC871D65B4E70035F80B /* Assets.xcassets in Resources */,
				BF59DC851D65B4E70035F80B /* Main.storyboard in Resources */,
			);
			runOnlyForDeploymentPostprocessing = 0;
		};
/* End PBXResourcesBuildPhase section */

/* Begin PBXSourcesBuildPhase section */
		BF59DC561D65B1FB0035F80B /* Sources */ = {
			isa = PBXSourcesBuildPhase;
			buildActionMask = 2147483647;
			files = (
				BF59DC651D65B1FB0035F80B /* ViewController.m in Sources */,
				BF59DC621D65B1FB0035F80B /* AppDelegate.m in Sources */,
				BF59DC5F1D65B1FB0035F80B /* main.m in Sources */,
			);
			runOnlyForDeploymentPostprocessing = 0;
		};
		BF59DC741D65B4E60035F80B /* Sources */ = {
			isa = PBXSourcesBuildPhase;
			buildActionMask = 2147483647;
			files = (
				BF59DC821D65B4E60035F80B /* ViewController.m in Sources */,
				BF59DC7F1D65B4E60035F80B /* AppDelegate.m in Sources */,
				BF59DC7C1D65B4E60035F80B /* main.m in Sources */,
			);
			runOnlyForDeploymentPostprocessing = 0;
		};
/* End PBXSourcesBuildPhase section */

/* Begin PBXVariantGroup section */
		BF59DC661D65B1FB0035F80B /* Main.storyboard */ = {
			isa = PBXVariantGroup;
			children = (
				BF59DC671D65B1FB0035F80B /* Base */,
			);
			name = Main.storyboard;
			sourceTree = "<group>";
		};
		BF59DC6B1D65B1FB0035F80B /* LaunchScreen.storyboard */ = {
			isa = PBXVariantGroup;
			children = (
				BF59DC6C1D65B1FB0035F80B /* Base */,
			);
			name = LaunchScreen.storyboard;
			sourceTree = "<group>";
		};
		BF59DC831D65B4E70035F80B /* Main.storyboard */ = {
			isa = PBXVariantGroup;
			children = (
				BF59DC841D65B4E70035F80B /* Base */,
			);
			name = Main.storyboard;
			sourceTree = "<group>";
		};
		BF59DC881D65B4E70035F80B /* LaunchScreen.storyboard */ = {
			isa = PBXVariantGroup;
			children = (
				BF59DC891D65B4E70035F80B /* Base */,
			);
			name = LaunchScreen.storyboard;
			sourceTree = "<group>";
		};
/* End PBXVariantGroup section */

/* Begin XCBuildConfiguration section */
		BF59DC6F1D65B1FB0035F80B /* Debug */ = {
			isa = XCBuildConfiguration;
			buildSettings = {
				ALWAYS_SEARCH_USER_PATHS = NO;
				CLANG_CXX_LANGUAGE_STANDARD = "gnu++0x";
				CLANG_CXX_LIBRARY = "libc++";
				CLANG_ENABLE_MODULES = YES;
				CLANG_ENABLE_OBJC_ARC = YES;
				CLANG_WARN_BOOL_CONVERSION = YES;
				CLANG_WARN_CONSTANT_CONVERSION = YES;
				CLANG_WARN_DIRECT_OBJC_ISA_USAGE = YES_ERROR;
				CLANG_WARN_EMPTY_BODY = YES;
				CLANG_WARN_ENUM_CONVERSION = YES;
				CLANG_WARN_INT_CONVERSION = YES;
				CLANG_WARN_OBJC_ROOT_CLASS = YES_ERROR;
				CLANG_WARN_UNREACHABLE_CODE = YES;
				CLANG_WARN__DUPLICATE_METHOD_MATCH = YES;
				"CODE_SIGN_IDENTITY[sdk=iphoneos*]" = "iPhone Developer";
				COPY_PHASE_STRIP = NO;
				DEBUG_INFORMATION_FORMAT = dwarf;
				ENABLE_STRICT_OBJC_MSGSEND = YES;
				ENABLE_TESTABILITY = YES;
				GCC_C_LANGUAGE_STANDARD = gnu99;
				GCC_DYNAMIC_NO_PIC = NO;
				GCC_NO_COMMON_BLOCKS = YES;
				GCC_OPTIMIZATION_LEVEL = 0;
				GCC_PREPROCESSOR_DEFINITIONS = (
					"DEBUG=1",
					"$(inherited)",
				);
				GCC_WARN_64_TO_32_BIT_CONVERSION = YES;
				GCC_WARN_ABOUT_RETURN_TYPE = YES_ERROR;
				GCC_WARN_UNDECLARED_SELECTOR = YES;
				GCC_WARN_UNINITIALIZED_AUTOS = YES_AGGRESSIVE;
				GCC_WARN_UNUSED_FUNCTION = YES;
				GCC_WARN_UNUSED_VARIABLE = YES;
				IPHONEOS_DEPLOYMENT_TARGET = 9.2;
				MTL_ENABLE_DEBUG_INFO = YES;
				ONLY_ACTIVE_ARCH = YES;
				SDKROOT = iphoneos;
			};
			name = Debug;
		};
		BF59DC701D65B1FB0035F80B /* Release */ = {
			isa = XCBuildConfiguration;
			buildSettings = {
				ALWAYS_SEARCH_USER_PATHS = NO;
				CLANG_CXX_LANGUAGE_STANDARD = "gnu++0x";
				CLANG_CXX_LIBRARY = "libc++";
				CLANG_ENABLE_MODULES = YES;
				CLANG_ENABLE_OBJC_ARC = YES;
				CLANG_WARN_BOOL_CONVERSION = YES;
				CLANG_WARN_CONSTANT_CONVERSION = YES;
				CLANG_WARN_DIRECT_OBJC_ISA_USAGE = YES_ERROR;
				CLANG_WARN_EMPTY_BODY = YES;
				CLANG_WARN_ENUM_CONVERSION = YES;
				CLANG_WARN_INT_CONVERSION = YES;
				CLANG_WARN_OBJC_ROOT_CLASS = YES_ERROR;
				CLANG_WARN_UNREACHABLE_CODE = YES;
				CLANG_WARN__DUPLICATE_METHOD_MATCH = YES;
				"CODE_SIGN_IDENTITY[sdk=iphoneos*]" = "iPhone Developer";
				COPY_PHASE_STRIP = NO;
				DEBUG_INFORMATION_FORMAT = "dwarf-with-dsym";
				ENABLE_NS_ASSERTIONS = NO;
				ENABLE_STRICT_OBJC_MSGSEND = YES;
				GCC_C_LANGUAGE_STANDARD = gnu99;
				GCC_NO_COMMON_BLOCKS = YES;
				GCC_WARN_64_TO_32_BIT_CONVERSION = YES;
				GCC_WARN_ABOUT_RETURN_TYPE = YES_ERROR;
				GCC_WARN_UNDECLARED_SELECTOR = YES;
				GCC_WARN_UNINITIALIZED_AUTOS = YES_AGGRESSIVE;
				GCC_WARN_UNUSED_FUNCTION = YES;
				GCC_WARN_UNUSED_VARIABLE = YES;
				IPHONEOS_DEPLOYMENT_TARGET = 9.2;
				MTL_ENABLE_DEBUG_INFO = NO;
				SDKROOT = iphoneos;
				VALIDATE_PRODUCT = YES;
			};
			name = Release;
		};
		BF59DC721D65B1FB0035F80B /* Debug */ = {
			isa = XCBuildConfiguration;
			buildSettings = {
				ASSETCATALOG_COMPILER_APPICON_NAME = AppIcon;
				INFOPLIST_FILE = "Objective-C_Runtime/Info.plist";
				LD_RUNPATH_SEARCH_PATHS = "$(inherited) @executable_path/Frameworks";
				PRODUCT_BUNDLE_IDENTIFIER = "com.Yuen.Objective-C-Runtime";
				PRODUCT_NAME = "$(TARGET_NAME)";
			};
			name = Debug;
		};
		BF59DC731D65B1FB0035F80B /* Release */ = {
			isa = XCBuildConfiguration;
			buildSettings = {
				ASSETCATALOG_COMPILER_APPICON_NAME = AppIcon;
				INFOPLIST_FILE = "Objective-C_Runtime/Info.plist";
				LD_RUNPATH_SEARCH_PATHS = "$(inherited) @executable_path/Frameworks";
				PRODUCT_BUNDLE_IDENTIFIER = "com.Yuen.Objective-C-Runtime";
				PRODUCT_NAME = "$(TARGET_NAME)";
			};
			name = Release;
		};
		BF59DC8C1D65B4E70035F80B /* Debug */ = {
			isa = XCBuildConfiguration;
			buildSettings = {
				ASSETCATALOG_COMPILER_APPICON_NAME = AppIcon;
				INFOPLIST_FILE = "01-Runtime(消息机制)/Info.plist";
				LD_RUNPATH_SEARCH_PATHS = "$(inherited) @executable_path/Frameworks";
				PRODUCT_BUNDLE_IDENTIFIER = "com.Yuen.-1-Runtime------";
				PRODUCT_NAME = "$(TARGET_NAME)";
			};
			name = Debug;
		};
		BF59DC8D1D65B4E70035F80B /* Release */ = {
			isa = XCBuildConfiguration;
			buildSettings = {
				ASSETCATALOG_COMPILER_APPICON_NAME = AppIcon;
				INFOPLIST_FILE = "01-Runtime(消息机制)/Info.plist";
				LD_RUNPATH_SEARCH_PATHS = "$(inherited) @executable_path/Frameworks";
				PRODUCT_BUNDLE_IDENTIFIER = "com.Yuen.-1-Runtime------";
				PRODUCT_NAME = "$(TARGET_NAME)";
			};
			name = Release;
		};
/* End XCBuildConfiguration section */

/* Begin XCConfigurationList section */
		BF59DC551D65B1FB0035F80B /* Build configuration list for PBXProject "Objective-C_Runtime" */ = {
			isa = XCConfigurationList;
			buildConfigurations = (
				BF59DC6F1D65B1FB0035F80B /* Debug */,
				BF59DC701D65B1FB0035F80B /* Release */,
			);
			defaultConfigurationIsVisible = 0;
			defaultConfigurationName = Release;
		};
		BF59DC711D65B1FB0035F80B /* Build configuration list for PBXNativeTarget "Objective-C_Runtime" */ = {
			isa = XCConfigurationList;
			buildConfigurations = (
				BF59DC721D65B1FB0035F80B /* Debug */,
				BF59DC731D65B1FB0035F80B /* Release */,
			);
			defaultConfigurationIsVisible = 0;
			defaultConfigurationName = Release;
		};
		BF59DC8E1D65B4E70035F80B /* Build configuration list for PBXNativeTarget "01-Runtime(消息机制)" */ = {
			isa = XCConfigurationList;
			buildConfigurations = (
				BF59DC8C1D65B4E70035F80B /* Debug */,
				BF59DC8D1D65B4E70035F80B /* Release */,
			);
			defaultConfigurationIsVisible = 0;
		};
/* End XCConfigurationList section */
	};
	rootObject = BF59DC521D65B1FB0035F80B /* Project object */;
}
